
Microsoft Visual Studio Solution File, Format Version 12.00
# Visual Studio Version 17
VisualStudioVersion = 17.0.32428.209
MinimumVisualStudioVersion = 10.0.40219.1
Project("{FAE04EC0-301F-11D3-BF4B-00C04F79EFBC}") = "Expense Tracker 2", "Expense Tracker 2\Expense Tracker 2.csproj", "{8BA27CA8-D91C-4438-AC88-3045D2FE98B1}"
EndProject
Global
	GlobalSection(SolutionConfigurationPlatforms) = preSolution
		Debug|Any CPU = Debug|Any CPU
		Release|Any CPU = Release|Any CPU
	EndGlobalSection
	GlobalSection(ProjectConfigurationPlatforms) = postSolution
		{8BA27CA8-D91C-4438-AC88-3045D2FE98B1}.Debug|Any CPU.ActiveCfg = Debug|Any CPU
		{8BA27CA8-D91C-4438-AC88-3045D2FE98B1}.Debug|Any CPU.Build.0 = Debug|Any CPU
		{8BA27CA8-D91C-4438-AC88-3045D2FE98B1}.Release|Any CPU.ActiveCfg = Release|Any CPU
		{8BA27CA8-D91C-4438-AC88-3045D2FE98B1}.Release|Any CPU.Build.0 = Release|Any CPU
	EndGlobalSection
	GlobalSection(SolutionProperties) = preSolution
		HideSolutionNode = FALSE
	EndGlobalSection
	GlobalSection(ExtensibilityGlobals) = postSolution
		SolutionGuid = {59D2CEE6-523E-44F1-82DC-587B7B3C7E6D}
	EndGlobalSection
EndGlobal
